// !$*UTF8*$!
{
	archiveVersion = 1;
	classes = {
	};
	objectVersion = 51;
	objects = {

/* Begin PBXBuildFile section */
		3522964F24B2F1EF00CCE4B8 /* AppDelegate.swift in Sources */ = {isa = PBXBuildFile; fileRef = 3522964E24B2F1EF00CCE4B8 /* AppDelegate.swift */; };
		3522965124B2F1EF00CCE4B8 /* SceneDelegate.swift in Sources */ = {isa = PBXBuildFile; fileRef = 3522965024B2F1EF00CCE4B8 /* SceneDelegate.swift */; };
		3522965324B2F1EF00CCE4B8 /* ViewController.swift in Sources */ = {isa = PBXBuildFile; fileRef = 3522965224B2F1EF00CCE4B8 /* ViewController.swift */; };
		3522965624B2F1EF00CCE4B8 /* Main.storyboard in Resources */ = {isa = PBXBuildFile; fileRef = 3522965424B2F1EF00CCE4B8 /* Main.storyboard */; };
		3522965824B2F1F200CCE4B8 /* Assets.xcassets in Resources */ = {isa = PBXBuildFile; fileRef = 3522965724B2F1F200CCE4B8 /* Assets.xcassets */; };
		3522965B24B2F1F200CCE4B8 /* LaunchScreen.storyboard in Resources */ = {isa = PBXBuildFile; fileRef = 3522965924B2F1F200CCE4B8 /* LaunchScreen.storyboard */; };
		3522966A24B2F47F00CCE4B8 /* LoginController.swift in Sources */ = {isa = PBXBuildFile; fileRef = 3522966924B2F47F00CCE4B8 /* LoginController.swift */; };
		3522966C24B2F49800CCE4B8 /* Extensions.swift in Sources */ = {isa = PBXBuildFile; fileRef = 3522966B24B2F49800CCE4B8 /* Extensions.swift */; };
		3529FEF724B4649800474CD8 /* LocationInputActivationView.swift in Sources */ = {isa = PBXBuildFile; fileRef = 3529FEF624B4649800474CD8 /* LocationInputActivationView.swift */; };
		3529FEF924B475EC00474CD8 /* Service.swift in Sources */ = {isa = PBXBuildFile; fileRef = 3529FEF824B475EC00474CD8 /* Service.swift */; };
		3529FEFB24B4850900474CD8 /* LocationInputView.swift in Sources */ = {isa = PBXBuildFile; fileRef = 3529FEFA24B4850900474CD8 /* LocationInputView.swift */; };
		3529FEFD24B4A1A500474CD8 /* LocationCell.swift in Sources */ = {isa = PBXBuildFile; fileRef = 3529FEFC24B4A1A500474CD8 /* LocationCell.swift */; };
		3529FEFF24B4B2DA00474CD8 /* User.swift in Sources */ = {isa = PBXBuildFile; fileRef = 3529FEFE24B4B2DA00474CD8 /* User.swift */; };
		3529FF0124B4B8C500474CD8 /* LocationHandler.swift in Sources */ = {isa = PBXBuildFile; fileRef = 3529FF0024B4B8C500474CD8 /* LocationHandler.swift */; };
		3529FF0324B4DC0700474CD8 /* DriverAnnotation.swift in Sources */ = {isa = PBXBuildFile; fileRef = 3529FF0224B4DC0700474CD8 /* DriverAnnotation.swift */; };
		357BC91724B2FDC500B9495E /* SignupController.swift in Sources */ = {isa = PBXBuildFile; fileRef = 357BC91624B2FDC500B9495E /* SignupController.swift */; };
		3594271024B623AA00EA8BE3 /* RideActionView.swift in Sources */ = {isa = PBXBuildFile; fileRef = 3594270F24B623AA00EA8BE3 /* RideActionView.swift */; };
		3594271224B6FA0700EA8BE3 /* Trip.swift in Sources */ = {isa = PBXBuildFile; fileRef = 3594271124B6FA0700EA8BE3 /* Trip.swift */; };
		35CF7A4E24B3777D005AD00D /* GoogleService-Info.plist in Resources */ = {isa = PBXBuildFile; fileRef = 35CF7A4D24B3777D005AD00D /* GoogleService-Info.plist */; };
		35CF7A5124B44B80005AD00D /* HomeController.swift in Sources */ = {isa = PBXBuildFile; fileRef = 35CF7A5024B44B80005AD00D /* HomeController.swift */; };
		35CF835E24B72960005E24B9 /* PickupController.swift in Sources */ = {isa = PBXBuildFile; fileRef = 35CF835D24B72960005E24B9 /* PickupController.swift */; };
		6D849D8CB6BFDCA6B60148EC /* Pods_UBER.framework in Frameworks */ = {isa = PBXBuildFile; fileRef = 2F85744D2ED76FF981D8DB6D /* Pods_UBER.framework */; };
/* End PBXBuildFile section */

/* Begin PBXFileReference section */
		0C3AAEAB1DC1091B11DFBC79 /* Pods-UBER.debug.xcconfig */ = {isa = PBXFileReference; includeInIndex = 1; lastKnownFileType = text.xcconfig; name = "Pods-UBER.debug.xcconfig"; path = "Target Support Files/Pods-UBER/Pods-UBER.debug.xcconfig"; sourceTree = "<group>"; };
		208BFB589854EC0C6FA77C42 /* Pods-UBER.release.xcconfig */ = {isa = PBXFileReference; includeInIndex = 1; lastKnownFileType = text.xcconfig; name = "Pods-UBER.release.xcconfig"; path = "Target Support Files/Pods-UBER/Pods-UBER.release.xcconfig"; sourceTree = "<group>"; };
		2F85744D2ED76FF981D8DB6D /* Pods_UBER.framework */ = {isa = PBXFileReference; explicitFileType = wrapper.framework; includeInIndex = 0; path = Pods_UBER.framework; sourceTree = BUILT_PRODUCTS_DIR; };
		3522964B24B2F1EF00CCE4B8 /* UBER.app */ = {isa = PBXFileReference; explicitFileType = wrapper.application; includeInIndex = 0; path = UBER.app; sourceTree = BUILT_PRODUCTS_DIR; };
		3522964E24B2F1EF00CCE4B8 /* AppDelegate.swift */ = {isa = PBXFileReference; lastKnownFileType = sourcecode.swift; path = AppDelegate.swift; sourceTree = "<group>"; };
		3522965024B2F1EF00CCE4B8 /* SceneDelegate.swift */ = {isa = PBXFileReference; lastKnownFileType = sourcecode.swift; path = SceneDelegate.swift; sourceTree = "<group>"; };
		3522965224B2F1EF00CCE4B8 /* ViewController.swift */ = {isa = PBXFileReference; lastKnownFileType = sourcecode.swift; path = ViewController.swift; sourceTree = "<group>"; };
		3522965524B2F1EF00CCE4B8 /* Base */ = {isa = PBXFileReference; lastKnownFileType = file.storyboard; name = Base; path = Base.lproj/Main.storyboard; sourceTree = "<group>"; };
		3522965724B2F1F200CCE4B8 /* Assets.xcassets */ = {isa = PBXFileReference; lastKnownFileType = folder.assetcatalog; path = Assets.xcassets; sourceTree = "<group>"; };
		3522965A24B2F1F200CCE4B8 /* Base */ = {isa = PBXFileReference; lastKnownFileType = file.storyboard; name = Base; path = Base.lproj/LaunchScreen.storyboard; sourceTree = "<group>"; };
		3522965C24B2F1F200CCE4B8 /* Info.plist */ = {isa = PBXFileReference; lastKnownFileType = text.plist.xml; path = Info.plist; sourceTree = "<group>"; };
		3522966924B2F47F00CCE4B8 /* LoginController.swift */ = {isa = PBXFileReference; lastKnownFileType = sourcecode.swift; path = LoginController.swift; sourceTree = "<group>"; };
		3522966B24B2F49800CCE4B8 /* Extensions.swift */ = {isa = PBXFileReference; lastKnownFileType = sourcecode.swift; path = Extensions.swift; sourceTree = "<group>"; };
		3529FEF624B4649800474CD8 /* LocationInputActivationView.swift */ = {isa = PBXFileReference; lastKnownFileType = sourcecode.swift; name = LocationInputActivationView.swift; path = UBER/Controller/LocationInputActivationView.swift; sourceTree = SOURCE_ROOT; };
		3529FEF824B475EC00474CD8 /* Service.swift */ = {isa = PBXFileReference; lastKnownFileType = sourcecode.swift; path = Service.swift; sourceTree = "<group>"; };
		3529FEFA24B4850900474CD8 /* LocationInputView.swift */ = {isa = PBXFileReference; lastKnownFileType = sourcecode.swift; name = LocationInputView.swift; path = UBER/Service/LocationInputView.swift; sourceTree = SOURCE_ROOT; };
		3529FEFC24B4A1A500474CD8 /* LocationCell.swift */ = {isa = PBXFileReference; lastKnownFileType = sourcecode.swift; name = LocationCell.swift; path = UBER/Service/LocationCell.swift; sourceTree = SOURCE_ROOT; };
		3529FEFE24B4B2DA00474CD8 /* User.swift */ = {isa = PBXFileReference; lastKnownFileType = sourcecode.swift; path = User.swift; sourceTree = "<group>"; };
		3529FF0024B4B8C500474CD8 /* LocationHandler.swift */ = {isa = PBXFileReference; lastKnownFileType = sourcecode.swift; path = LocationHandler.swift; sourceTree = "<group>"; };
		3529FF0224B4DC0700474CD8 /* DriverAnnotation.swift */ = {isa = PBXFileReference; lastKnownFileType = sourcecode.swift; path = DriverAnnotation.swift; sourceTree = "<group>"; };
		357BC91624B2FDC500B9495E /* SignupController.swift */ = {isa = PBXFileReference; lastKnownFileType = sourcecode.swift; path = SignupController.swift; sourceTree = "<group>"; };
		3594270F24B623AA00EA8BE3 /* RideActionView.swift */ = {isa = PBXFileReference; lastKnownFileType = sourcecode.swift; name = RideActionView.swift; path = UBER/Model/RideActionView.swift; sourceTree = SOURCE_ROOT; };
		3594271124B6FA0700EA8BE3 /* Trip.swift */ = {isa = PBXFileReference; lastKnownFileType = sourcecode.swift; path = Trip.swift; sourceTree = "<group>"; };
		35CF7A4D24B3777D005AD00D /* GoogleService-Info.plist */ = {isa = PBXFileReference; fileEncoding = 4; lastKnownFileType = text.plist.xml; path = "GoogleService-Info.plist"; sourceTree = "<group>"; };
		35CF7A5024B44B80005AD00D /* HomeController.swift */ = {isa = PBXFileReference; lastKnownFileType = sourcecode.swift; path = HomeController.swift; sourceTree = "<group>"; };
		35CF835D24B72960005E24B9 /* PickupController.swift */ = {isa = PBXFileReference; lastKnownFileType = sourcecode.swift; path = PickupController.swift; sourceTree = "<group>"; };
/* End PBXFileReference section */

/* Begin PBXFrameworksBuildPhase section */
		3522964824B2F1EF00CCE4B8 /* Frameworks */ = {
			isa = PBXFrameworksBuildPhase;
			buildActionMask = 2147483647;
			files = (
				6D849D8CB6BFDCA6B60148EC /* Pods_UBER.framework in Frameworks */,
			);
			runOnlyForDeploymentPostprocessing = 0;
		};
/* End PBXFrameworksBuildPhase section */

/* Begin PBXGroup section */
		3522964224B2F1EF00CCE4B8 = {
			isa = PBXGroup;
			children = (
				3522964D24B2F1EF00CCE4B8 /* UBER */,
				3522964C24B2F1EF00CCE4B8 /* Products */,
				D5631B427A0F30D24BB60EAB /* Pods */,
				D46E28E2A14898052406CB4D /* Frameworks */,
			);
			sourceTree = "<group>";
		};
		3522964C24B2F1EF00CCE4B8 /* Products */ = {
			isa = PBXGroup;
			children = (
				3522964B24B2F1EF00CCE4B8 /* UBER.app */,
			);
			name = Products;
			sourceTree = "<group>";
		};
		3522964D24B2F1EF00CCE4B8 /* UBER */ = {
			isa = PBXGroup;
			children = (
				3522966224B2F2B700CCE4B8 /* Model */,
				3522966424B2F2C600CCE4B8 /* View */,
				3522966524B2F2CC00CCE4B8 /* Controller */,
				3522966824B2F37200CCE4B8 /* Service */,
				3522966624B2F32600CCE4B8 /* Utils */,
				3522964E24B2F1EF00CCE4B8 /* AppDelegate.swift */,
				3522965024B2F1EF00CCE4B8 /* SceneDelegate.swift */,
				3522965224B2F1EF00CCE4B8 /* ViewController.swift */,
				35CF7A4D24B3777D005AD00D /* GoogleService-Info.plist */,
				3522965424B2F1EF00CCE4B8 /* Main.storyboard */,
				3522965724B2F1F200CCE4B8 /* Assets.xcassets */,
				3522965924B2F1F200CCE4B8 /* LaunchScreen.storyboard */,
				3522965C24B2F1F200CCE4B8 /* Info.plist */,
			);
			path = UBER;
			sourceTree = "<group>";
		};
		3522966224B2F2B700CCE4B8 /* Model */ = {
			isa = PBXGroup;
			children = (
				3529FEFE24B4B2DA00474CD8 /* User.swift */,
				3529FF0224B4DC0700474CD8 /* DriverAnnotation.swift */,
				3594271124B6FA0700EA8BE3 /* Trip.swift */,
			);
			path = Model;
			sourceTree = "<group>";
		};
		3522966424B2F2C600CCE4B8 /* View */ = {
			isa = PBXGroup;
			children = (
				3529FEF624B4649800474CD8 /* LocationInputActivationView.swift */,
				3529FEFC24B4A1A500474CD8 /* LocationCell.swift */,
				3529FEFA24B4850900474CD8 /* LocationInputView.swift */,
				3594270F24B623AA00EA8BE3 /* RideActionView.swift */,
			);
			path = View;
			sourceTree = "<group>";
		};
		3522966524B2F2CC00CCE4B8 /* Controller */ = {
			isa = PBXGroup;
			children = (
				3522966924B2F47F00CCE4B8 /* LoginController.swift */,
				357BC91624B2FDC500B9495E /* SignupController.swift */,
				35CF7A5024B44B80005AD00D /* HomeController.swift */,
				35CF835D24B72960005E24B9 /* PickupController.swift */,
			);
			path = Controller;
			sourceTree = "<group>";
		};
		3522966624B2F32600CCE4B8 /* Utils */ = {
			isa = PBXGroup;
			children = (
				3522966B24B2F49800CCE4B8 /* Extensions.swift */,
				3529FF0024B4B8C500474CD8 /* LocationHandler.swift */,
			);
			path = Utils;
			sourceTree = "<group>";
		};
		3522966824B2F37200CCE4B8 /* Service */ = {
			isa = PBXGroup;
			children = (
				3529FEF824B475EC00474CD8 /* Service.swift */,
			);
			path = Service;
			sourceTree = "<group>";
		};
		D46E28E2A14898052406CB4D /* Frameworks */ = {
			isa = PBXGroup;
			children = (
				2F85744D2ED76FF981D8DB6D /* Pods_UBER.framework */,
			);
			name = Frameworks;
			sourceTree = "<group>";
		};
		D5631B427A0F30D24BB60EAB /* Pods */ = {
			isa = PBXGroup;
			children = (
				0C3AAEAB1DC1091B11DFBC79 /* Pods-UBER.debug.xcconfig */,
				208BFB589854EC0C6FA77C42 /* Pods-UBER.release.xcconfig */,
			);
			path = Pods;
			sourceTree = "<group>";
		};
/* End PBXGroup section */

/* Begin PBXNativeTarget section */
		3522964A24B2F1EF00CCE4B8 /* UBER */ = {
			isa = PBXNativeTarget;
			buildConfigurationList = 3522965F24B2F1F200CCE4B8 /* Build configuration list for PBXNativeTarget "UBER" */;
			buildPhases = (
				3DA7C4A7218E0E71B78A2F7B /* [CP] Check Pods Manifest.lock */,
				3522964724B2F1EF00CCE4B8 /* Sources */,
				3522964824B2F1EF00CCE4B8 /* Frameworks */,
				3522964924B2F1EF00CCE4B8 /* Resources */,
				47ED75BEA7BE500FB8122D72 /* [CP] Embed Pods Frameworks */,
			);
			buildRules = (
			);
			dependencies = (
			);
			name = UBER;
			productName = UBER;
			productReference = 3522964B24B2F1EF00CCE4B8 /* UBER.app */;
			productType = "com.apple.product-type.application";
		};
/* End PBXNativeTarget section */

/* Begin PBXProject section */
		3522964324B2F1EF00CCE4B8 /* Project object */ = {
			isa = PBXProject;
			attributes = {
				LastSwiftUpdateCheck = 1160;
				LastUpgradeCheck = 1160;
				ORGANIZATIONNAME = "Shrey Gupta";
				TargetAttributes = {
					3522964A24B2F1EF00CCE4B8 = {
						CreatedOnToolsVersion = 11.6;
					};
				};
			};
			buildConfigurationList = 3522964624B2F1EF00CCE4B8 /* Build configuration list for PBXProject "UBER" */;
			compatibilityVersion = "Xcode 9.3";
			developmentRegion = en;
			hasScannedForEncodings = 0;
			knownRegions = (
				en,
				Base,
			);
			mainGroup = 3522964224B2F1EF00CCE4B8;
			productRefGroup = 3522964C24B2F1EF00CCE4B8 /* Products */;
			projectDirPath = "";
			projectRoot = "";
			targets = (
				3522964A24B2F1EF00CCE4B8 /* UBER */,
			);
		};
/* End PBXProject section */

/* Begin PBXResourcesBuildPhase section */
		3522964924B2F1EF00CCE4B8 /* Resources */ = {
			isa = PBXResourcesBuildPhase;
			buildActionMask = 2147483647;
			files = (
				3522965B24B2F1F200CCE4B8 /* LaunchScreen.storyboard in Resources */,
				35CF7A4E24B3777D005AD00D /* GoogleService-Info.plist in Resources */,
				3522965824B2F1F200CCE4B8 /* Assets.xcassets in Resources */,
				3522965624B2F1EF00CCE4B8 /* Main.storyboard in Resources */,
			);
			runOnlyForDeploymentPostprocessing = 0;
		};
/* End PBXResourcesBuildPhase section */

/* Begin PBXShellScriptBuildPhase section */
		3DA7C4A7218E0E71B78A2F7B /* [CP] Check Pods Manifest.lock */ = {
			isa = PBXShellScriptBuildPhase;
			buildActionMask = 2147483647;
			files = (
			);
			inputFileListPaths = (
			);
			inputPaths = (
				"${PODS_PODFILE_DIR_PATH}/Podfile.lock",
				"${PODS_ROOT}/Manifest.lock",
			);
			name = "[CP] Check Pods Manifest.lock";
			outputFileListPaths = (
			);
			outputPaths = (
				"$(DERIVED_FILE_DIR)/Pods-UBER-checkManifestLockResult.txt",
			);
			runOnlyForDeploymentPostprocessing = 0;
			shellPath = /bin/sh;
			shellScript = "diff \"${PODS_PODFILE_DIR_PATH}/Podfile.lock\" \"${PODS_ROOT}/Manifest.lock\" > /dev/null\nif [ $? != 0 ] ; then\n    # print error to STDERR\n    echo \"error: The sandbox is not in sync with the Podfile.lock. Run 'pod install' or update your CocoaPods installation.\" >&2\n    exit 1\nfi\n# This output is used by Xcode 'outputs' to avoid re-running this script phase.\necho \"SUCCESS\" > \"${SCRIPT_OUTPUT_FILE_0}\"\n";
			showEnvVarsInLog = 0;
		};
		47ED75BEA7BE500FB8122D72 /* [CP] Embed Pods Frameworks */ = {
			isa = PBXShellScriptBuildPhase;
			buildActionMask = 2147483647;
			files = (
			);
			inputFileListPaths = (
				"${PODS_ROOT}/Target Support Files/Pods-UBER/Pods-UBER-frameworks-${CONFIGURATION}-input-files.xcfilelist",
			);
			name = "[CP] Embed Pods Frameworks";
			outputFileListPaths = (
				"${PODS_ROOT}/Target Support Files/Pods-UBER/Pods-UBER-frameworks-${CONFIGURATION}-output-files.xcfilelist",
			);
			runOnlyForDeploymentPostprocessing = 0;
			shellPath = /bin/sh;
			shellScript = "\"${PODS_ROOT}/Target Support Files/Pods-UBER/Pods-UBER-frameworks.sh\"\n";
			showEnvVarsInLog = 0;
		};
/* End PBXShellScriptBuildPhase section */

/* Begin PBXSourcesBuildPhase section */
		3522964724B2F1EF00CCE4B8 /* Sources */ = {
			isa = PBXSourcesBuildPhase;
			buildActionMask = 2147483647;
			files = (
				3522966C24B2F49800CCE4B8 /* Extensions.swift in Sources */,
				3522965324B2F1EF00CCE4B8 /* ViewController.swift in Sources */,
				35CF7A5124B44B80005AD00D /* HomeController.swift in Sources */,
				3522966A24B2F47F00CCE4B8 /* LoginController.swift in Sources */,
				3594271224B6FA0700EA8BE3 /* Trip.swift in Sources */,
				35CF835E24B72960005E24B9 /* PickupController.swift in Sources */,
				3529FF0324B4DC0700474CD8 /* DriverAnnotation.swift in Sources */,
				3529FEFB24B4850900474CD8 /* LocationInputView.swift in Sources */,
				357BC91724B2FDC500B9495E /* SignupController.swift in Sources */,
				3529FEFD24B4A1A500474CD8 /* LocationCell.swift in Sources */,
				3529FF0124B4B8C500474CD8 /* LocationHandler.swift in Sources */,
				3529FEF924B475EC00474CD8 /* Service.swift in Sources */,
				3594271024B623AA00EA8BE3 /* RideActionView.swift in Sources */,
				3529FEFF24B4B2DA00474CD8 /* User.swift in Sources */,
				3522964F24B2F1EF00CCE4B8 /* AppDelegate.swift in Sources */,
				3529FEF724B4649800474CD8 /* LocationInputActivationView.swift in Sources */,
				3522965124B2F1EF00CCE4B8 /* SceneDelegate.swift in Sources */,
			);
			runOnlyForDeploymentPostprocessing = 0;
		};
/* End PBXSourcesBuildPhase section */

/* Begin PBXVariantGroup section */
		3522965424B2F1EF00CCE4B8 /* Main.storyboard */ = {
			isa = PBXVariantGroup;
			children = (
				3522965524B2F1EF00CCE4B8 /* Base */,
			);
			name = Main.storyboard;
			sourceTree = "<group>";
		};
		3522965924B2F1F200CCE4B8 /* LaunchScreen.storyboard */ = {
			isa = PBXVariantGroup;
			children = (
				3522965A24B2F1F200CCE4B8 /* Base */,
			);
			name = LaunchScreen.storyboard;
			sourceTree = "<group>";
		};
/* End PBXVariantGroup section */

/* Begin XCBuildConfiguration section */
		3522965D24B2F1F200CCE4B8 /* Debug */ = {
			isa = XCBuildConfiguration;
			buildSettings = {
				ALWAYS_SEARCH_USER_PATHS = NO;
				CLANG_ANALYZER_NONNULL = YES;
				CLANG_ANALYZER_NUMBER_OBJECT_CONVERSION = YES_AGGRESSIVE;
				CLANG_CXX_LANGUAGE_STANDARD = "gnu++14";
				CLANG_CXX_LIBRARY = "libc++";
				CLANG_ENABLE_MODULES = YES;
				CLANG_ENABLE_OBJC_ARC = YES;
				CLANG_ENABLE_OBJC_WEAK = YES;
				CLANG_WARN_BLOCK_CAPTURE_AUTORELEASING = YES;
				CLANG_WARN_BOOL_CONVERSION = YES;
				CLANG_WARN_COMMA = YES;
				CLANG_WARN_CONSTANT_CONVERSION = YES;
				CLANG_WARN_DEPRECATED_OBJC_IMPLEMENTATIONS = YES;
				CLANG_WARN_DIRECT_OBJC_ISA_USAGE = YES_ERROR;
				CLANG_WARN_DOCUMENTATION_COMMENTS = YES;
				CLANG_WARN_EMPTY_BODY = YES;
				CLANG_WARN_ENUM_CONVERSION = YES;
				CLANG_WARN_INFINITE_RECURSION = YES;
				CLANG_WARN_INT_CONVERSION = YES;
				CLANG_WARN_NON_LITERAL_NULL_CONVERSION = YES;
				CLANG_WARN_OBJC_IMPLICIT_RETAIN_SELF = YES;
				CLANG_WARN_OBJC_LITERAL_CONVERSION = YES;
				CLANG_WARN_OBJC_ROOT_CLASS = YES_ERROR;
				CLANG_WARN_RANGE_LOOP_ANALYSIS = YES;
				CLANG_WARN_STRICT_PROTOTYPES = YES;
				CLANG_WARN_SUSPICIOUS_MOVE = YES;
				CLANG_WARN_UNGUARDED_AVAILABILITY = YES_AGGRESSIVE;
				CLANG_WARN_UNREACHABLE_CODE = YES;
				CLANG_WARN__DUPLICATE_METHOD_MATCH = YES;
				COPY_PHASE_STRIP = NO;
				DEBUG_INFORMATION_FORMAT = dwarf;
				ENABLE_STRICT_OBJC_MSGSEND = YES;
				ENABLE_TESTABILITY = YES;
				GCC_C_LANGUAGE_STANDARD = gnu11;
				GCC_DYNAMIC_NO_PIC = NO;
				GCC_NO_COMMON_BLOCKS = YES;
				GCC_OPTIMIZATION_LEVEL = 0;
				GCC_PREPROCESSOR_DEFINITIONS = (
					"DEBUG=1",
					"$(inherited)",
				);
				GCC_WARN_64_TO_32_BIT_CONVERSION = YES;
				GCC_WARN_ABOUT_RETURN_TYPE = YES_ERROR;
				GCC_WARN_UNDECLARED_SELECTOR = YES;
				GCC_WARN_UNINITIALIZED_AUTOS = YES_AGGRESSIVE;
				GCC_WARN_UNUSED_FUNCTION = YES;
				GCC_WARN_UNUSED_VARIABLE = YES;
				IPHONEOS_DEPLOYMENT_TARGET = 13.6;
				MTL_ENABLE_DEBUG_INFO = INCLUDE_SOURCE;
				MTL_FAST_MATH = YES;
				ONLY_ACTIVE_ARCH = YES;
				SDKROOT = iphoneos;
				SWIFT_ACTIVE_COMPILATION_CONDITIONS = DEBUG;
				SWIFT_OPTIMIZATION_LEVEL = "-Onone";
			};
			name = Debug;
		};
		3522965E24B2F1F200CCE4B8 /* Release */ = {
			isa = XCBuildConfiguration;
			buildSettings = {
				ALWAYS_SEARCH_USER_PATHS = NO;
				CLANG_ANALYZER_NONNULL = YES;
				CLANG_ANALYZER_NUMBER_OBJECT_CONVERSION = YES_AGGRESSIVE;
				CLANG_CXX_LANGUAGE_STANDARD = "gnu++14";
				CLANG_CXX_LIBRARY = "libc++";
				CLANG_ENABLE_MODULES = YES;
				CLANG_ENABLE_OBJC_ARC = YES;
				CLANG_ENABLE_OBJC_WEAK = YES;
				CLANG_WARN_BLOCK_CAPTURE_AUTORELEASING = YES;
				CLANG_WARN_BOOL_CONVERSION = YES;
				CLANG_WARN_COMMA = YES;
				CLANG_WARN_CONSTANT_CONVERSION = YES;
				CLANG_WARN_DEPRECATED_OBJC_IMPLEMENTATIONS = YES;
				CLANG_WARN_DIRECT_OBJC_ISA_USAGE = YES_ERROR;
				CLANG_WARN_DOCUMENTATION_COMMENTS = YES;
				CLANG_WARN_EMPTY_BODY = YES;
				CLANG_WARN_ENUM_CONVERSION = YES;
				CLANG_WARN_INFINITE_RECURSION = YES;
				CLANG_WARN_INT_CONVERSION = YES;
				CLANG_WARN_NON_LITERAL_NULL_CONVERSION = YES;
				CLANG_WARN_OBJC_IMPLICIT_RETAIN_SELF = YES;
				CLANG_WARN_OBJC_LITERAL_CONVERSION = YES;
				CLANG_WARN_OBJC_ROOT_CLASS = YES_ERROR;
				CLANG_WARN_RANGE_LOOP_ANALYSIS = YES;
				CLANG_WARN_STRICT_PROTOTYPES = YES;
				CLANG_WARN_SUSPICIOUS_MOVE = YES;
				CLANG_WARN_UNGUARDED_AVAILABILITY = YES_AGGRESSIVE;
				CLANG_WARN_UNREACHABLE_CODE = YES;
				CLANG_WARN__DUPLICATE_METHOD_MATCH = YES;
				COPY_PHASE_STRIP = NO;
				DEBUG_INFORMATION_FORMAT = "dwarf-with-dsym";
				ENABLE_NS_ASSERTIONS = NO;
				ENABLE_STRICT_OBJC_MSGSEND = YES;
				GCC_C_LANGUAGE_STANDARD = gnu11;
				GCC_NO_COMMON_BLOCKS = YES;
				GCC_WARN_64_TO_32_BIT_CONVERSION = YES;
				GCC_WARN_ABOUT_RETURN_TYPE = YES_ERROR;
				GCC_WARN_UNDECLARED_SELECTOR = YES;
				GCC_WARN_UNINITIALIZED_AUTOS = YES_AGGRESSIVE;
				GCC_WARN_UNUSED_FUNCTION = YES;
				GCC_WARN_UNUSED_VARIABLE = YES;
				IPHONEOS_DEPLOYMENT_TARGET = 13.6;
				MTL_ENABLE_DEBUG_INFO = NO;
				MTL_FAST_MATH = YES;
				SDKROOT = iphoneos;
				SWIFT_COMPILATION_MODE = wholemodule;
				SWIFT_OPTIMIZATION_LEVEL = "-O";
				VALIDATE_PRODUCT = YES;
			};
			name = Release;
		};
		3522966024B2F1F200CCE4B8 /* Debug */ = {
			isa = XCBuildConfiguration;
			baseConfigurationReference = 0C3AAEAB1DC1091B11DFBC79 /* Pods-UBER.debug.xcconfig */;
			buildSettings = {
				ASSETCATALOG_COMPILER_APPICON_NAME = AppIcon;
				CODE_SIGN_STYLE = Automatic;
				INFOPLIST_FILE = UBER/Info.plist;
				LD_RUNPATH_SEARCH_PATHS = (
					"$(inherited)",
					"@executable_path/Frameworks",
				);
				PRODUCT_BUNDLE_IDENTIFIER = com.shrey.UBER;
				PRODUCT_NAME = "$(TARGET_NAME)";
				SWIFT_VERSION = 5.0;
				TARGETED_DEVICE_FAMILY = "1,2";
			};
			name = Debug;
		};
		3522966124B2F1F200CCE4B8 /* Release */ = {
			isa = XCBuildConfiguration;
			baseConfigurationReference = 208BFB589854EC0C6FA77C42 /* Pods-UBER.release.xcconfig */;
			buildSettings = {
				ASSETCATALOG_COMPILER_APPICON_NAME = AppIcon;
				CODE_SIGN_STYLE = Automatic;
				INFOPLIST_FILE = UBER/Info.plist;
				LD_RUNPATH_SEARCH_PATHS = (
					"$(inherited)",
					"@executable_path/Frameworks",
				);
				PRODUCT_BUNDLE_IDENTIFIER = com.shrey.UBER;
				PRODUCT_NAME = "$(TARGET_NAME)";
				SWIFT_VERSION = 5.0;
				TARGETED_DEVICE_FAMILY = "1,2";
			};
			name = Release;
		};
/* End XCBuildConfiguration section */

/* Begin XCConfigurationList section */
		3522964624B2F1EF00CCE4B8 /* Build configuration list for PBXProject "UBER" */ = {
			isa = XCConfigurationList;
			buildConfigurations = (
				3522965D24B2F1F200CCE4B8 /* Debug */,
				3522965E24B2F1F200CCE4B8 /* Release */,
			);
			defaultConfigurationIsVisible = 0;
			defaultConfigurationName = Release;
		};
		3522965F24B2F1F200CCE4B8 /* Build configuration list for PBXNativeTarget "UBER" */ = {
			isa = XCConfigurationList;
			buildConfigurations = (
				3522966024B2F1F200CCE4B8 /* Debug */,
				3522966124B2F1F200CCE4B8 /* Release */,
			);
			defaultConfigurationIsVisible = 0;
			defaultConfigurationName = Release;
		};
/* End XCConfigurationList section */
	};
	rootObject = 3522964324B2F1EF00CCE4B8 /* Project object */;
}
